
Microsoft Visual Studio Solution File, Format Version 12.00
# Visual Studio Version 16
VisualStudioVersion = 16.0.30621.155
MinimumVisualStudioVersion = 10.0.40219.1
Project("{9A19103F-16F7-4668-BE54-9A1E7A4F7556}") = "TestWebApp", "TestWebApp.csproj", "{0AB825F5-7593-4CAA-8502-7C7421305CEC}"
EndProject
Global
	GlobalSection(SolutionConfigurationPlatforms) = preSolution
		Debug|Any CPU = Debug|Any CPU
		Release|Any CPU = Release|Any CPU
	EndGlobalSection
	GlobalSection(ProjectConfigurationPlatforms) = postSolution
		{0AB825F5-7593-4CAA-8502-7C7421305CEC}.Debug|Any CPU.ActiveCfg = Debug|Any CPU
		{0AB825F5-7593-4CAA-8502-7C7421305CEC}.Debug|Any CPU.Build.0 = Debug|Any CPU
		{0AB825F5-7593-4CAA-8502-7C7421305CEC}.Release|Any CPU.ActiveCfg = Release|Any CPU
		{0AB825F5-7593-4CAA-8502-7C7421305CEC}.Release|Any CPU.Build.0 = Release|Any CPU
	EndGlobalSection
	GlobalSection(SolutionProperties) = preSolution
		HideSolutionNode = FALSE
	EndGlobalSection
	GlobalSection(ExtensibilityGlobals) = postSolution
		SolutionGuid = {64E36944-FF05-48E4-A784-3909F3099E12}
	EndGlobalSection
EndGlobal
